
Microsoft Visual Studio Solution File, Format Version 12.00
# Visual Studio Version 17
VisualStudioVersion = 17.14.37614.0 d17.14
MinimumVisualStudioVersion = 10.0.40219.1
Project("{FAE04EC0-301F-11D3-BF4B-00C04F79EFBC}") = "LabManagement.Host", "LabManagement.Host\LabManagement.Host.csproj", "{14D8FF83-F3BE-4FCF-8E0F-E1B6BEA4DE7E}"
EndProject
Project("{FAE04EC0-301F-11D3-BF4B-00C04F79EFBC}") = "LabManagement.Client", "LabManagement.Client\LabManagement.Client.csproj", "{516A7E87-1047-44D7-929A-A957B0FE55A6}"
EndProject
Project("{FAE04EC0-301F-11D3-BF4B-00C04F79EFBC}") = "LabManagement.Protocol", "LabManagement.Protocol\LabManagement.Protocol.csproj", "{C3F1F1A2-2B77-4A0D-92AF-7DFF0EB6BD17}"
EndProject
Global
	GlobalSection(SolutionConfigurationPlatforms) = preSolution
		Debug|Any CPU = Debug|Any CPU
		Release|Any CPU = Release|Any CPU
	EndGlobalSection
	GlobalSection(ProjectConfigurationPlatforms) = postSolution
		{14D8FF83-F3BE-4FCF-8E0F-E1B6BEA4DE7E}.Debug|Any CPU.ActiveCfg = Debug|Any CPU
		{14D8FF83-F3BE-4FCF-8E0F-E1B6BEA4DE7E}.Debug|Any CPU.Build.0 = Debug|Any CPU
		{14D8FF83-F3BE-4FCF-8E0F-E1B6BEA4DE7E}.Release|Any CPU.ActiveCfg = Release|Any CPU
		{14D8FF83-F3BE-4FCF-8E0F-E1B6BEA4DE7E}.Release|Any CPU.Build.0 = Release|Any CPU
		{516A7E87-1047-44D7-929A-A957B0FE55A6}.Debug|Any CPU.ActiveCfg = Debug|Any CPU
		{516A7E87-1047-44D7-929A-A957B0FE55A6}.Debug|Any CPU.Build.0 = Debug|Any CPU
		{516A7E87-1047-44D7-929A-A957B0FE55A6}.Release|Any CPU.ActiveCfg = Release|Any CPU
		{516A7E87-1047-44D7-929A-A957B0FE55A6}.Release|Any CPU.Build.0 = Release|Any CPU
		{C3F1F1A2-2B77-4A0D-92AF-7DFF0EB6BD17}.Debug|Any CPU.ActiveCfg = Debug|Any CPU
		{C3F1F1A2-2B77-4A0D-92AF-7DFF0EB6BD17}.Debug|Any CPU.Build.0 = Debug|Any CPU
		{C3F1F1A2-2B77-4A0D-92AF-7DFF0EB6BD17}.Release|Any CPU.ActiveCfg = Release|Any CPU
		{C3F1F1A2-2B77-4A0D-92AF-7DFF0EB6BD17}.Release|Any CPU.Build.0 = Release|Any CPU
	EndGlobalSection
	GlobalSection(SolutionProperties) = preSolution
		HideSolutionNode = FALSE
	EndGlobalSection
	GlobalSection(ExtensibilityGlobals) = postSolution
		SolutionGuid = {256553B1-BFA7-4AFB-A070-3091EFCBA564}
	EndGlobalSection
EndGlobal
